
Microsoft Visual Studio Solution File, Format Version 12.00
# Visual Studio Version 17
VisualStudioVersion = 17.11.35312.102
MinimumVisualStudioVersion = 10.0.40219.1
Project("{FAE04EC0-301F-11D3-BF4B-00C04F79EFBC}") = "EX06 - Estrutura Sequancial", "EX06 - Estrutura Sequancial.csproj", "{8CFD6D88-4068-45F0-912E-2506BA0C5E93}"
EndProject
Global
	GlobalSection(SolutionConfigurationPlatforms) = preSolution
		Debug|Any CPU = Debug|Any CPU
		Release|Any CPU = Release|Any CPU
	EndGlobalSection
	GlobalSection(ProjectConfigurationPlatforms) = postSolution
		{8CFD6D88-4068-45F0-912E-2506BA0C5E93}.Debug|Any CPU.ActiveCfg = Debug|Any CPU
		{8CFD6D88-4068-45F0-912E-2506BA0C5E93}.Debug|Any CPU.Build.0 = Debug|Any CPU
		{8CFD6D88-4068-45F0-912E-2506BA0C5E93}.Release|Any CPU.ActiveCfg = Release|Any CPU
		{8CFD6D88-4068-45F0-912E-2506BA0C5E93}.Release|Any CPU.Build.0 = Release|Any CPU
	EndGlobalSection
	GlobalSection(SolutionProperties) = preSolution
		HideSolutionNode = FALSE
	EndGlobalSection
	GlobalSection(ExtensibilityGlobals) = postSolution
		SolutionGuid = {D55AC141-B0F4-44AE-81FE-EEF3999CB5F9}
	EndGlobalSection
EndGlobal
